// !$*UTF8*$!
{
	archiveVersion = 1;
	classes = {
	};
	objectVersion = 50;
	objects = {

/* Begin PBXBuildFile section */
		F8BCF54E257BB36500D67D51 /* AppDelegate.swift in Sources */ = {isa = PBXBuildFile; fileRef = F8BCF54D257BB36500D67D51 /* AppDelegate.swift */; };
		F8BCF550257BB36500D67D51 /* SceneDelegate.swift in Sources */ = {isa = PBXBuildFile; fileRef = F8BCF54F257BB36500D67D51 /* SceneDelegate.swift */; };
		F8BCF552257BB36500D67D51 /* ViewController.swift in Sources */ = {isa = PBXBuildFile; fileRef = F8BCF551257BB36500D67D51 /* ViewController.swift */; };
		F8BCF555257BB36500D67D51 /* Main.storyboard in Resources */ = {isa = PBXBuildFile; fileRef = F8BCF553257BB36500D67D51 /* Main.storyboard */; };
		F8BCF557257BB36500D67D51 /* Assets.xcassets in Resources */ = {isa = PBXBuildFile; fileRef = F8BCF556257BB36500D67D51 /* Assets.xcassets */; };
		F8BCF55A257BB36500D67D51 /* LaunchScreen.storyboard in Resources */ = {isa = PBXBuildFile; fileRef = F8BCF558257BB36500D67D51 /* LaunchScreen.storyboard */; };
		F8BCF565257BB36500D67D51 /* ImageEditorTests.swift in Sources */ = {isa = PBXBuildFile; fileRef = F8BCF564257BB36500D67D51 /* ImageEditorTests.swift */; };
		F8BCF570257BB36600D67D51 /* ImageEditorUITests.swift in Sources */ = {isa = PBXBuildFile; fileRef = F8BCF56F257BB36600D67D51 /* ImageEditorUITests.swift */; };
/* End PBXBuildFile section */

/* Begin PBXContainerItemProxy section */
		F8BCF561257BB36500D67D51 /* PBXContainerItemProxy */ = {
			isa = PBXContainerItemProxy;
			containerPortal = F8BCF542257BB36500D67D51 /* Project object */;
			proxyType = 1;
			remoteGlobalIDString = F8BCF549257BB36500D67D51;
			remoteInfo = ImageEditor;
		};
		F8BCF56C257BB36600D67D51 /* PBXContainerItemProxy */ = {
			isa = PBXContainerItemProxy;
			containerPortal = F8BCF542257BB36500D67D51 /* Project object */;
			proxyType = 1;
			remoteGlobalIDString = F8BCF549257BB36500D67D51;
			remoteInfo = ImageEditor;
		};
/* End PBXContainerItemProxy section */

/* Begin PBXFileReference section */
		F8BCF54A257BB36500D67D51 /* ImageEditor.app */ = {isa = PBXFileReference; explicitFileType = wrapper.application; includeInIndex = 0; path = ImageEditor.app; sourceTree = BUILT_PRODUCTS_DIR; };
		F8BCF54D257BB36500D67D51 /* AppDelegate.swift */ = {isa = PBXFileReference; lastKnownFileType = sourcecode.swift; path = AppDelegate.swift; sourceTree = "<group>"; };
		F8BCF54F257BB36500D67D51 /* SceneDelegate.swift */ = {isa = PBXFileReference; lastKnownFileType = sourcecode.swift; path = SceneDelegate.swift; sourceTree = "<group>"; };
		F8BCF551257BB36500D67D51 /* ViewController.swift */ = {isa = PBXFileReference; lastKnownFileType = sourcecode.swift; path = ViewController.swift; sourceTree = "<group>"; };
		F8BCF554257BB36500D67D51 /* Base */ = {isa = PBXFileReference; lastKnownFileType = file.storyboard; name = Base; path = Base.lproj/Main.storyboard; sourceTree = "<group>"; };
		F8BCF556257BB36500D67D51 /* Assets.xcassets */ = {isa = PBXFileReference; lastKnownFileType = folder.assetcatalog; path = Assets.xcassets; sourceTree = "<group>"; };
		F8BCF559257BB36500D67D51 /* Base */ = {isa = PBXFileReference; lastKnownFileType = file.storyboard; name = Base; path = Base.lproj/LaunchScreen.storyboard; sourceTree = "<group>"; };
		F8BCF55B257BB36500D67D51 /* Info.plist */ = {isa = PBXFileReference; lastKnownFileType = text.plist.xml; path = Info.plist; sourceTree = "<group>"; };
		F8BCF560257BB36500D67D51 /* ImageEditorTests.xctest */ = {isa = PBXFileReference; explicitFileType = wrapper.cfbundle; includeInIndex = 0; path = ImageEditorTests.xctest; sourceTree = BUILT_PRODUCTS_DIR; };
		F8BCF564257BB36500D67D51 /* ImageEditorTests.swift */ = {isa = PBXFileReference; lastKnownFileType = sourcecode.swift; path = ImageEditorTests.swift; sourceTree = "<group>"; };
		F8BCF566257BB36500D67D51 /* Info.plist */ = {isa = PBXFileReference; lastKnownFileType = text.plist.xml; path = Info.plist; sourceTree = "<group>"; };
		F8BCF56B257BB36600D67D51 /* ImageEditorUITests.xctest */ = {isa = PBXFileReference; explicitFileType = wrapper.cfbundle; includeInIndex = 0; path = ImageEditorUITests.xctest; sourceTree = BUILT_PRODUCTS_DIR; };
		F8BCF56F257BB36600D67D51 /* ImageEditorUITests.swift */ = {isa = PBXFileReference; lastKnownFileType = sourcecode.swift; path = ImageEditorUITests.swift; sourceTree = "<group>"; };
		F8BCF571257BB36600D67D51 /* Info.plist */ = {isa = PBXFileReference; lastKnownFileType = text.plist.xml; path = Info.plist; sourceTree = "<group>"; };
/* End PBXFileReference section */

/* Begin PBXFrameworksBuildPhase section */
		F8BCF547257BB36500D67D51 /* Frameworks */ = {
			isa = PBXFrameworksBuildPhase;
			buildActionMask = 2147483647;
			files = (
			);
			runOnlyForDeploymentPostprocessing = 0;
		};
		F8BCF55D257BB36500D67D51 /* Frameworks */ = {
			isa = PBXFrameworksBuildPhase;
			buildActionMask = 2147483647;
			files = (
			);
			runOnlyForDeploymentPostprocessing = 0;
		};
		F8BCF568257BB36600D67D51 /* Frameworks */ = {
			isa = PBXFrameworksBuildPhase;
			buildActionMask = 2147483647;
			files = (
			);
			runOnlyForDeploymentPostprocessing = 0;
		};
/* End PBXFrameworksBuildPhase section */

/* Begin PBXGroup section */
		F8BCF541257BB36500D67D51 = {
			isa = PBXGroup;
			children = (
				F8BCF54C257BB36500D67D51 /* ImageEditor */,
				F8BCF563257BB36500D67D51 /* ImageEditorTests */,
				F8BCF56E257BB36600D67D51 /* ImageEditorUITests */,
				F8BCF54B257BB36500D67D51 /* Products */,
			);
			sourceTree = "<group>";
		};
		F8BCF54B257BB36500D67D51 /* Products */ = {
			isa = PBXGroup;
			children = (
				F8BCF54A257BB36500D67D51 /* ImageEditor.app */,
				F8BCF560257BB36500D67D51 /* ImageEditorTests.xctest */,
				F8BCF56B257BB36600D67D51 /* ImageEditorUITests.xctest */,
			);
			name = Products;
			sourceTree = "<group>";
		};
		F8BCF54C257BB36500D67D51 /* ImageEditor */ = {
			isa = PBXGroup;
			children = (
				F8BCF54D257BB36500D67D51 /* AppDelegate.swift */,
				F8BCF54F257BB36500D67D51 /* SceneDelegate.swift */,
				F8BCF551257BB36500D67D51 /* ViewController.swift */,
				F8BCF553257BB36500D67D51 /* Main.storyboard */,
				F8BCF556257BB36500D67D51 /* Assets.xcassets */,
				F8BCF558257BB36500D67D51 /* LaunchScreen.storyboard */,
				F8BCF55B257BB36500D67D51 /* Info.plist */,
			);
			path = ImageEditor;
			sourceTree = "<group>";
		};
		F8BCF563257BB36500D67D51 /* ImageEditorTests */ = {
			isa = PBXGroup;
			children = (
				F8BCF564257BB36500D67D51 /* ImageEditorTests.swift */,
				F8BCF566257BB36500D67D51 /* Info.plist */,
			);
			path = ImageEditorTests;
			sourceTree = "<group>";
		};
		F8BCF56E257BB36600D67D51 /* ImageEditorUITests */ = {
			isa = PBXGroup;
			children = (
				F8BCF56F257BB36600D67D51 /* ImageEditorUITests.swift */,
				F8BCF571257BB36600D67D51 /* Info.plist */,
			);
			path = ImageEditorUITests;
			sourceTree = "<group>";
		};
/* End PBXGroup section */

/* Begin PBXNativeTarget section */
		F8BCF549257BB36500D67D51 /* ImageEditor */ = {
			isa = PBXNativeTarget;
			buildConfigurationList = F8BCF574257BB36600D67D51 /* Build configuration list for PBXNativeTarget "ImageEditor" */;
			buildPhases = (
				F8BCF546257BB36500D67D51 /* Sources */,
				F8BCF547257BB36500D67D51 /* Frameworks */,
				F8BCF548257BB36500D67D51 /* Resources */,
			);
			buildRules = (
			);
			dependencies = (
			);
			name = ImageEditor;
			productName = ImageEditor;
			productReference = F8BCF54A257BB36500D67D51 /* ImageEditor.app */;
			productType = "com.apple.product-type.application";
		};
		F8BCF55F257BB36500D67D51 /* ImageEditorTests */ = {
			isa = PBXNativeTarget;
			buildConfigurationList = F8BCF577257BB36600D67D51 /* Build configuration list for PBXNativeTarget "ImageEditorTests" */;
			buildPhases = (
				F8BCF55C257BB36500D67D51 /* Sources */,
				F8BCF55D257BB36500D67D51 /* Frameworks */,
				F8BCF55E257BB36500D67D51 /* Resources */,
			);
			buildRules = (
			);
			dependencies = (
				F8BCF562257BB36500D67D51 /* PBXTargetDependency */,
			);
			name = ImageEditorTests;
			productName = ImageEditorTests;
			productReference = F8BCF560257BB36500D67D51 /* ImageEditorTests.xctest */;
			productType = "com.apple.product-type.bundle.unit-test";
		};
		F8BCF56A257BB36600D67D51 /* ImageEditorUITests */ = {
			isa = PBXNativeTarget;
			buildConfigurationList = F8BCF57A257BB36600D67D51 /* Build configuration list for PBXNativeTarget "ImageEditorUITests" */;
			buildPhases = (
				F8BCF567257BB36600D67D51 /* Sources */,
				F8BCF568257BB36600D67D51 /* Frameworks */,
				F8BCF569257BB36600D67D51 /* Resources */,
			);
			buildRules = (
			);
			dependencies = (
				F8BCF56D257BB36600D67D51 /* PBXTargetDependency */,
			);
			name = ImageEditorUITests;
			productName = ImageEditorUITests;
			productReference = F8BCF56B257BB36600D67D51 /* ImageEditorUITests.xctest */;
			productType = "com.apple.product-type.bundle.ui-testing";
		};
/* End PBXNativeTarget section */

/* Begin PBXProject section */
		F8BCF542257BB36500D67D51 /* Project object */ = {
			isa = PBXProject;
			attributes = {
				LastSwiftUpdateCheck = 1130;
				LastUpgradeCheck = 1130;
				ORGANIZATIONNAME = "Sagar Patel";
				TargetAttributes = {
					F8BCF549257BB36500D67D51 = {
						CreatedOnToolsVersion = 11.3.1;
					};
					F8BCF55F257BB36500D67D51 = {
						CreatedOnToolsVersion = 11.3.1;
						TestTargetID = F8BCF549257BB36500D67D51;
					};
					F8BCF56A257BB36600D67D51 = {
						CreatedOnToolsVersion = 11.3.1;
						TestTargetID = F8BCF549257BB36500D67D51;
					};
				};
			};
			buildConfigurationList = F8BCF545257BB36500D67D51 /* Build configuration list for PBXProject "ImageEditor" */;
			compatibilityVersion = "Xcode 9.3";
			developmentRegion = en;
			hasScannedForEncodings = 0;
			knownRegions = (
				en,
				Base,
			);
			mainGroup = F8BCF541257BB36500D67D51;
			productRefGroup = F8BCF54B257BB36500D67D51 /* Products */;
			projectDirPath = "";
			projectRoot = "";
			targets = (
				F8BCF549257BB36500D67D51 /* ImageEditor */,
				F8BCF55F257BB36500D67D51 /* ImageEditorTests */,
				F8BCF56A257BB36600D67D51 /* ImageEditorUITests */,
			);
		};
/* End PBXProject section */

/* Begin PBXResourcesBuildPhase section */
		F8BCF548257BB36500D67D51 /* Resources */ = {
			isa = PBXResourcesBuildPhase;
			buildActionMask = 2147483647;
			files = (
				F8BCF55A257BB36500D67D51 /* LaunchScreen.storyboard in Resources */,
				F8BCF557257BB36500D67D51 /* Assets.xcassets in Resources */,
				F8BCF555257BB36500D67D51 /* Main.storyboard in Resources */,
			);
			runOnlyForDeploymentPostprocessing = 0;
		};
		F8BCF55E257BB36500D67D51 /* Resources */ = {
			isa = PBXResourcesBuildPhase;
			buildActionMask = 2147483647;
			files = (
			);
			runOnlyForDeploymentPostprocessing = 0;
		};
		F8BCF569257BB36600D67D51 /* Resources */ = {
			isa = PBXResourcesBuildPhase;
			buildActionMask = 2147483647;
			files = (
			);
			runOnlyForDeploymentPostprocessing = 0;
		};
/* End PBXResourcesBuildPhase section */

/* Begin PBXSourcesBuildPhase section */
		F8BCF546257BB36500D67D51 /* Sources */ = {
			isa = PBXSourcesBuildPhase;
			buildActionMask = 2147483647;
			files = (
				F8BCF552257BB36500D67D51 /* ViewController.swift in Sources */,
				F8BCF54E257BB36500D67D51 /* AppDelegate.swift in Sources */,
				F8BCF550257BB36500D67D51 /* SceneDelegate.swift in Sources */,
			);
			runOnlyForDeploymentPostprocessing = 0;
		};
		F8BCF55C257BB36500D67D51 /* Sources */ = {
			isa = PBXSourcesBuildPhase;
			buildActionMask = 2147483647;
			files = (
				F8BCF565257BB36500D67D51 /* ImageEditorTests.swift in Sources */,
			);
			runOnlyForDeploymentPostprocessing = 0;
		};
		F8BCF567257BB36600D67D51 /* Sources */ = {
			isa = PBXSourcesBuildPhase;
			buildActionMask = 2147483647;
			files = (
				F8BCF570257BB36600D67D51 /* ImageEditorUITests.swift in Sources */,
			);
			runOnlyForDeploymentPostprocessing = 0;
		};
/* End PBXSourcesBuildPhase section */

/* Begin PBXTargetDependency section */
		F8BCF562257BB36500D67D51 /* PBXTargetDependency */ = {
			isa = PBXTargetDependency;
			target = F8BCF549257BB36500D67D51 /* ImageEditor */;
			targetProxy = F8BCF561257BB36500D67D51 /* PBXContainerItemProxy */;
		};
		F8BCF56D257BB36600D67D51 /* PBXTargetDependency */ = {
			isa = PBXTargetDependency;
			target = F8BCF549257BB36500D67D51 /* ImageEditor */;
			targetProxy = F8BCF56C257BB36600D67D51 /* PBXContainerItemProxy */;
		};
/* End PBXTargetDependency section */

/* Begin PBXVariantGroup section */
		F8BCF553257BB36500D67D51 /* Main.storyboard */ = {
			isa = PBXVariantGroup;
			children = (
				F8BCF554257BB36500D67D51 /* Base */,
			);
			name = Main.storyboard;
			sourceTree = "<group>";
		};
		F8BCF558257BB36500D67D51 /* LaunchScreen.storyboard */ = {
			isa = PBXVariantGroup;
			children = (
				F8BCF559257BB36500D67D51 /* Base */,
			);
			name = LaunchScreen.storyboard;
			sourceTree = "<group>";
		};
/* End PBXVariantGroup section */

/* Begin XCBuildConfiguration section */
		F8BCF572257BB36600D67D51 /* Debug */ = {
			isa = XCBuildConfiguration;
			buildSettings = {
				ALWAYS_SEARCH_USER_PATHS = NO;
				CLANG_ANALYZER_NONNULL = YES;
				CLANG_ANALYZER_NUMBER_OBJECT_CONVERSION = YES_AGGRESSIVE;
				CLANG_CXX_LANGUAGE_STANDARD = "gnu++14";
				CLANG_CXX_LIBRARY = "libc++";
				CLANG_ENABLE_MODULES = YES;
				CLANG_ENABLE_OBJC_ARC = YES;
				CLANG_ENABLE_OBJC_WEAK = YES;
				CLANG_WARN_BLOCK_CAPTURE_AUTORELEASING = YES;
				CLANG_WARN_BOOL_CONVERSION = YES;
				CLANG_WARN_COMMA = YES;
				CLANG_WARN_CONSTANT_CONVERSION = YES;
				CLANG_WARN_DEPRECATED_OBJC_IMPLEMENTATIONS = YES;
				CLANG_WARN_DIRECT_OBJC_ISA_USAGE = YES_ERROR;
				CLANG_WARN_DOCUMENTATION_COMMENTS = YES;
				CLANG_WARN_EMPTY_BODY = YES;
				CLANG_WARN_ENUM_CONVERSION = YES;
				CLANG_WARN_INFINITE_RECURSION = YES;
				CLANG_WARN_INT_CONVERSION = YES;
				CLANG_WARN_NON_LITERAL_NULL_CONVERSION = YES;
				CLANG_WARN_OBJC_IMPLICIT_RETAIN_SELF = YES;
				CLANG_WARN_OBJC_LITERAL_CONVERSION = YES;
				CLANG_WARN_OBJC_ROOT_CLASS = YES_ERROR;
				CLANG_WARN_RANGE_LOOP_ANALYSIS = YES;
				CLANG_WARN_STRICT_PROTOTYPES = YES;
				CLANG_WARN_SUSPICIOUS_MOVE = YES;
				CLANG_WARN_UNGUARDED_AVAILABILITY = YES_AGGRESSIVE;
				CLANG_WARN_UNREACHABLE_CODE = YES;
				CLANG_WARN__DUPLICATE_METHOD_MATCH = YES;
				COPY_PHASE_STRIP = NO;
				DEBUG_INFORMATION_FORMAT = dwarf;
				ENABLE_STRICT_OBJC_MSGSEND = YES;
				ENABLE_TESTABILITY = YES;
				GCC_C_LANGUAGE_STANDARD = gnu11;
				GCC_DYNAMIC_NO_PIC = NO;
				GCC_NO_COMMON_BLOCKS = YES;
				GCC_OPTIMIZATION_LEVEL = 0;
				GCC_PREPROCESSOR_DEFINITIONS = (
					"DEBUG=1",
					"$(inherited)",
				);
				GCC_WARN_64_TO_32_BIT_CONVERSION = YES;
				GCC_WARN_ABOUT_RETURN_TYPE = YES_ERROR;
				GCC_WARN_UNDECLARED_SELECTOR = YES;
				GCC_WARN_UNINITIALIZED_AUTOS = YES_AGGRESSIVE;
				GCC_WARN_UNUSED_FUNCTION = YES;
				GCC_WARN_UNUSED_VARIABLE = YES;
				IPHONEOS_DEPLOYMENT_TARGET = 13.2;
				MTL_ENABLE_DEBUG_INFO = INCLUDE_SOURCE;
				MTL_FAST_MATH = YES;
				ONLY_ACTIVE_ARCH = YES;
				SDKROOT = iphoneos;
				SWIFT_ACTIVE_COMPILATION_CONDITIONS = DEBUG;
				SWIFT_OPTIMIZATION_LEVEL = "-Onone";
			};
			name = Debug;
		};
		F8BCF573257BB36600D67D51 /* Release */ = {
			isa = XCBuildConfiguration;
			buildSettings = {
				ALWAYS_SEARCH_USER_PATHS = NO;
				CLANG_ANALYZER_NONNULL = YES;
				CLANG_ANALYZER_NUMBER_OBJECT_CONVERSION = YES_AGGRESSIVE;
				CLANG_CXX_LANGUAGE_STANDARD = "gnu++14";
				CLANG_CXX_LIBRARY = "libc++";
				CLANG_ENABLE_MODULES = YES;
				CLANG_ENABLE_OBJC_ARC = YES;
				CLANG_ENABLE_OBJC_WEAK = YES;
				CLANG_WARN_BLOCK_CAPTURE_AUTORELEASING = YES;
				CLANG_WARN_BOOL_CONVERSION = YES;
				CLANG_WARN_COMMA = YES;
				CLANG_WARN_CONSTANT_CONVERSION = YES;
				CLANG_WARN_DEPRECATED_OBJC_IMPLEMENTATIONS = YES;
				CLANG_WARN_DIRECT_OBJC_ISA_USAGE = YES_ERROR;
				CLANG_WARN_DOCUMENTATION_COMMENTS = YES;
				CLANG_WARN_EMPTY_BODY = YES;
				CLANG_WARN_ENUM_CONVERSION = YES;
				CLANG_WARN_INFINITE_RECURSION = YES;
				CLANG_WARN_INT_CONVERSION = YES;
				CLANG_WARN_NON_LITERAL_NULL_CONVERSION = YES;
				CLANG_WARN_OBJC_IMPLICIT_RETAIN_SELF = YES;
				CLANG_WARN_OBJC_LITERAL_CONVERSION = YES;
				CLANG_WARN_OBJC_ROOT_CLASS = YES_ERROR;
				CLANG_WARN_RANGE_LOOP_ANALYSIS = YES;
				CLANG_WARN_STRICT_PROTOTYPES = YES;
				CLANG_WARN_SUSPICIOUS_MOVE = YES;
				CLANG_WARN_UNGUARDED_AVAILABILITY = YES_AGGRESSIVE;
				CLANG_WARN_UNREACHABLE_CODE = YES;
				CLANG_WARN__DUPLICATE_METHOD_MATCH = YES;
				COPY_PHASE_STRIP = NO;
				DEBUG_INFORMATION_FORMAT = "dwarf-with-dsym";
				ENABLE_NS_ASSERTIONS = NO;
				ENABLE_STRICT_OBJC_MSGSEND = YES;
				GCC_C_LANGUAGE_STANDARD = gnu11;
				GCC_NO_COMMON_BLOCKS = YES;
				GCC_WARN_64_TO_32_BIT_CONVERSION = YES;
				GCC_WARN_ABOUT_RETURN_TYPE = YES_ERROR;
				GCC_WARN_UNDECLARED_SELECTOR = YES;
				GCC_WARN_UNINITIALIZED_AUTOS = YES_AGGRESSIVE;
				GCC_WARN_UNUSED_FUNCTION = YES;
				GCC_WARN_UNUSED_VARIABLE = YES;
				IPHONEOS_DEPLOYMENT_TARGET = 13.2;
				MTL_ENABLE_DEBUG_INFO = NO;
				MTL_FAST_MATH = YES;
				SDKROOT = iphoneos;
				SWIFT_COMPILATION_MODE = wholemodule;
				SWIFT_OPTIMIZATION_LEVEL = "-O";
				VALIDATE_PRODUCT = YES;
			};
			name = Release;
		};
		F8BCF575257BB36600D67D51 /* Debug */ = {
			isa = XCBuildConfiguration;
			buildSettings = {
				ASSETCATALOG_COMPILER_APPICON_NAME = AppIcon;
				CODE_SIGN_STYLE = Automatic;
				DEVELOPMENT_TEAM = SWJG424KM2;
				INFOPLIST_FILE = ImageEditor/Info.plist;
				LD_RUNPATH_SEARCH_PATHS = (
					"$(inherited)",
					"@executable_path/Frameworks",
				);
				PRODUCT_BUNDLE_IDENTIFIER = com.sagar.ImageEditor;
				PRODUCT_NAME = "$(TARGET_NAME)";
				SWIFT_VERSION = 5.0;
				TARGETED_DEVICE_FAMILY = "1,2";
			};
			name = Debug;
		};
		F8BCF576257BB36600D67D51 /* Release */ = {
			isa = XCBuildConfiguration;
			buildSettings = {
				ASSETCATALOG_COMPILER_APPICON_NAME = AppIcon;
				CODE_SIGN_STYLE = Automatic;
				DEVELOPMENT_TEAM = SWJG424KM2;
				INFOPLIST_FILE = ImageEditor/Info.plist;
				LD_RUNPATH_SEARCH_PATHS = (
					"$(inherited)",
					"@executable_path/Frameworks",
				);
				PRODUCT_BUNDLE_IDENTIFIER = com.sagar.ImageEditor;
				PRODUCT_NAME = "$(TARGET_NAME)";
				SWIFT_VERSION = 5.0;
				TARGETED_DEVICE_FAMILY = "1,2";
			};
			name = Release;
		};
		F8BCF578257BB36600D67D51 /* Debug */ = {
			isa = XCBuildConfiguration;
			buildSettings = {
				ALWAYS_EMBED_SWIFT_STANDARD_LIBRARIES = YES;
				BUNDLE_LOADER = "$(TEST_HOST)";
				CODE_SIGN_STYLE = Automatic;
				DEVELOPMENT_TEAM = SWJG424KM2;
				INFOPLIST_FILE = ImageEditorTests/Info.plist;
				IPHONEOS_DEPLOYMENT_TARGET = 13.2;
				LD_RUNPATH_SEARCH_PATHS = (
					"$(inherited)",
					"@executable_path/Frameworks",
					"@loader_path/Frameworks",
				);
				PRODUCT_BUNDLE_IDENTIFIER = com.sagar.ImageEditorTests;
				PRODUCT_NAME = "$(TARGET_NAME)";
				SWIFT_VERSION = 5.0;
				TARGETED_DEVICE_FAMILY = "1,2";
				TEST_HOST = "$(BUILT_PRODUCTS_DIR)/ImageEditor.app/ImageEditor";
			};
			name = Debug;
		};
		F8BCF579257BB36600D67D51 /* Release */ = {
			isa = XCBuildConfiguration;
			buildSettings = {
				ALWAYS_EMBED_SWIFT_STANDARD_LIBRARIES = YES;
				BUNDLE_LOADER = "$(TEST_HOST)";
				CODE_SIGN_STYLE = Automatic;
				DEVELOPMENT_TEAM = SWJG424KM2;
				INFOPLIST_FILE = ImageEditorTests/Info.plist;
				IPHONEOS_DEPLOYMENT_TARGET = 13.2;
				LD_RUNPATH_SEARCH_PATHS = (
					"$(inherited)",
					"@executable_path/Frameworks",
					"@loader_path/Frameworks",
				);
				PRODUCT_BUNDLE_IDENTIFIER = com.sagar.ImageEditorTests;
				PRODUCT_NAME = "$(TARGET_NAME)";
				SWIFT_VERSION = 5.0;
				TARGETED_DEVICE_FAMILY = "1,2";
				TEST_HOST = "$(BUILT_PRODUCTS_DIR)/ImageEditor.app/ImageEditor";
			};
			name = Release;
		};
		F8BCF57B257BB36600D67D51 /* Debug */ = {
			isa = XCBuildConfiguration;
			buildSettings = {
				ALWAYS_EMBED_SWIFT_STANDARD_LIBRARIES = YES;
				CODE_SIGN_STYLE = Automatic;
				DEVELOPMENT_TEAM = SWJG424KM2;
				INFOPLIST_FILE = ImageEditorUITests/Info.plist;
				LD_RUNPATH_SEARCH_PATHS = (
					"$(inherited)",
					"@executable_path/Frameworks",
					"@loader_path/Frameworks",
				);
				PRODUCT_BUNDLE_IDENTIFIER = com.sagar.ImageEditorUITests;
				PRODUCT_NAME = "$(TARGET_NAME)";
				SWIFT_VERSION = 5.0;
				TARGETED_DEVICE_FAMILY = "1,2";
				TEST_TARGET_NAME = ImageEditor;
			};
			name = Debug;
		};
		F8BCF57C257BB36600D67D51 /* Release */ = {
			isa = XCBuildConfiguration;
			buildSettings = {
				ALWAYS_EMBED_SWIFT_STANDARD_LIBRARIES = YES;
				CODE_SIGN_STYLE = Automatic;
				DEVELOPMENT_TEAM = SWJG424KM2;
				INFOPLIST_FILE = ImageEditorUITests/Info.plist;
				LD_RUNPATH_SEARCH_PATHS = (
					"$(inherited)",
					"@executable_path/Frameworks",
					"@loader_path/Frameworks",
				);
				PRODUCT_BUNDLE_IDENTIFIER = com.sagar.ImageEditorUITests;
				PRODUCT_NAME = "$(TARGET_NAME)";
				SWIFT_VERSION = 5.0;
				TARGETED_DEVICE_FAMILY = "1,2";
				TEST_TARGET_NAME = ImageEditor;
			};
			name = Release;
		};
/* End XCBuildConfiguration section */

/* Begin XCConfigurationList section */
		F8BCF545257BB36500D67D51 /* Build configuration list for PBXProject "ImageEditor" */ = {
			isa = XCConfigurationList;
			buildConfigurations = (
				F8BCF572257BB36600D67D51 /* Debug */,
				F8BCF573257BB36600D67D51 /* Release */,
			);
			defaultConfigurationIsVisible = 0;
			defaultConfigurationName = Release;
		};
		F8BCF574257BB36600D67D51 /* Build configuration list for PBXNativeTarget "ImageEditor" */ = {
			isa = XCConfigurationList;
			buildConfigurations = (
				F8BCF575257BB36600D67D51 /* Debug */,
				F8BCF576257BB36600D67D51 /* Release */,
			);
			defaultConfigurationIsVisible = 0;
			defaultConfigurationName = Release;
		};
		F8BCF577257BB36600D67D51 /* Build configuration list for PBXNativeTarget "ImageEditorTests" */ = {
			isa = XCConfigurationList;
			buildConfigurations = (
				F8BCF578257BB36600D67D51 /* Debug */,
				F8BCF579257BB36600D67D51 /* Release */,
			);
			defaultConfigurationIsVisible = 0;
			defaultConfigurationName = Release;
		};
		F8BCF57A257BB36600D67D51 /* Build configuration list for PBXNativeTarget "ImageEditorUITests" */ = {
			isa = XCConfigurationList;
			buildConfigurations = (
				F8BCF57B257BB36600D67D51 /* Debug */,
				F8BCF57C257BB36600D67D51 /* Release */,
			);
			defaultConfigurationIsVisible = 0;
			defaultConfigurationName = Release;
		};
/* End XCConfigurationList section */
	};
	rootObject = F8BCF542257BB36500D67D51 /* Project object */;
}
